%{"cowboy": {:git, "https://github.com/ninenines/cowboy.git", "3d8339267b2de011c30db868002f23ab4da0cc2f", [tag: "2.0.0-rc.2"]},
  "cowlib": {:git, "https://github.com/ninenines/cowlib", "11e07d3c2b164d06ad35188d83ad70e7501396db", [ref: "2.0.0-rc.1"]},
  "jsex": {:hex, :jsex, "2.0.0", "d54a39e49418b34b1a78236a92f73e4d7c46329c220275d7223fab4b3dc6120f", [:mix], [{:jsx, "~> 2.0", [hex: :jsx, optional: false]}]},
  "jsx": {:hex, :jsx, "2.0.4", "6f22bd27bf0cf89626caa27f93ed4bfbf7ba5cc9d42a43656f1d247b0e170eaa", [:rebar], []},
  "ranch": {:git, "https://github.com/ninenines/ranch", "55c2a9d623454f372a15e99721a37093d8773b48", [ref: "1.4.0"]}}
